// !$*UTF8*$!
{
	archiveVersion = 1;
	classes = {
	};
	objectVersion = 46;
	objects = {

/* Begin PBXBuildFile section */
		035AF2A11F0585FB003CD85B /* ViewController.swift in Sources */ = {isa = PBXBuildFile; fileRef = 035AF2A01F0585FB003CD85B /* ViewController.swift */; };
		038FCAE91F058A2100755E96 /* Main.storyboard in Resources */ = {isa = PBXBuildFile; fileRef = 038FCAE81F058A2100755E96 /* Main.storyboard */; };
		CE109E5D1F05A01400C4BF25 /* SanFranciscoDisplay-Semibold.otf in Resources */ = {isa = PBXBuildFile; fileRef = CE109E5C1F05A01400C4BF25 /* SanFranciscoDisplay-Semibold.otf */; };
		CE25F7D71E490FA00049CF23 /* AppDelegate.swift in Sources */ = {isa = PBXBuildFile; fileRef = CE25F7D61E490FA00049CF23 /* AppDelegate.swift */; };
		CE25F7DB1E490FA00049CF23 /* Assets.xcassets in Resources */ = {isa = PBXBuildFile; fileRef = CE25F7DA1E490FA00049CF23 /* Assets.xcassets */; };
		CE25F7EB1E4914340049CF23 /* calculate_cache_size.sh in Resources */ = {isa = PBXBuildFile; fileRef = CE25F7EA1E4914340049CF23 /* calculate_cache_size.sh */; };
		CE25F7ED1E49145A0049CF23 /* clear_cache.sh in Resources */ = {isa = PBXBuildFile; fileRef = CE25F7EC1E49145A0049CF23 /* clear_cache.sh */; };
		CE25F7F21E4915190049CF23 /* STPrivilegedTask.m in Sources */ = {isa = PBXBuildFile; fileRef = CE25F7F01E4915190049CF23 /* STPrivilegedTask.m */; };
		CE25F7F41E491BE30049CF23 /* stop_cache.sh in Resources */ = {isa = PBXBuildFile; fileRef = CE25F7F31E491BE30049CF23 /* stop_cache.sh */; };
		CE91327C1EA50C55007F1ADD /* Extensions.swift in Sources */ = {isa = PBXBuildFile; fileRef = CE91327B1EA50C55007F1ADD /* Extensions.swift */; };
		CEA190B11F02FE3B00C9F30A /* Environment.swift in Sources */ = {isa = PBXBuildFile; fileRef = CEA190B01F02FE3B00C9F30A /* Environment.swift */; };
/* End PBXBuildFile section */

/* Begin PBXFileReference section */
		035AF2A01F0585FB003CD85B /* ViewController.swift */ = {isa = PBXFileReference; fileEncoding = 4; lastKnownFileType = sourcecode.swift; name = ViewController.swift; path = "Sketch Cache Cleaner/Controllers/ViewController.swift"; sourceTree = SOURCE_ROOT; };
		038FCAE81F058A2100755E96 /* Main.storyboard */ = {isa = PBXFileReference; fileEncoding = 4; lastKnownFileType = file.storyboard; path = Main.storyboard; sourceTree = "<group>"; };
		CE109E5C1F05A01400C4BF25 /* SanFranciscoDisplay-Semibold.otf */ = {isa = PBXFileReference; lastKnownFileType = file; path = "SanFranciscoDisplay-Semibold.otf"; sourceTree = "<group>"; };
		CE25F7D31E490FA00049CF23 /* Sketch Cache Cleaner.app */ = {isa = PBXFileReference; explicitFileType = wrapper.application; includeInIndex = 0; path = "Sketch Cache Cleaner.app"; sourceTree = BUILT_PRODUCTS_DIR; };
		CE25F7D61E490FA00049CF23 /* AppDelegate.swift */ = {isa = PBXFileReference; lastKnownFileType = sourcecode.swift; path = AppDelegate.swift; sourceTree = "<group>"; };
		CE25F7DA1E490FA00049CF23 /* Assets.xcassets */ = {isa = PBXFileReference; lastKnownFileType = folder.assetcatalog; path = Assets.xcassets; sourceTree = "<group>"; };
		CE25F7DF1E490FA00049CF23 /* Info.plist */ = {isa = PBXFileReference; lastKnownFileType = text.plist.xml; path = Info.plist; sourceTree = "<group>"; };
		CE25F7EA1E4914340049CF23 /* calculate_cache_size.sh */ = {isa = PBXFileReference; fileEncoding = 4; lastKnownFileType = text.script.sh; path = calculate_cache_size.sh; sourceTree = "<group>"; };
		CE25F7EC1E49145A0049CF23 /* clear_cache.sh */ = {isa = PBXFileReference; fileEncoding = 4; lastKnownFileType = text.script.sh; path = clear_cache.sh; sourceTree = "<group>"; };
		CE25F7EF1E4915190049CF23 /* Sketch Cache Cleaner-Bridging-Header.h */ = {isa = PBXFileReference; lastKnownFileType = sourcecode.c.h; path = "Sketch Cache Cleaner-Bridging-Header.h"; sourceTree = "<group>"; };
		CE25F7F01E4915190049CF23 /* STPrivilegedTask.m */ = {isa = PBXFileReference; fileEncoding = 4; lastKnownFileType = sourcecode.c.objc; path = STPrivilegedTask.m; sourceTree = "<group>"; };
		CE25F7F11E4915190049CF23 /* STPrivilegedTask.h */ = {isa = PBXFileReference; fileEncoding = 4; lastKnownFileType = sourcecode.c.h; path = STPrivilegedTask.h; sourceTree = "<group>"; };
		CE25F7F31E491BE30049CF23 /* stop_cache.sh */ = {isa = PBXFileReference; fileEncoding = 4; lastKnownFileType = text.script.sh; path = stop_cache.sh; sourceTree = "<group>"; };
		CE91327B1EA50C55007F1ADD /* Extensions.swift */ = {isa = PBXFileReference; fileEncoding = 4; lastKnownFileType = sourcecode.swift; path = Extensions.swift; sourceTree = "<group>"; };
		CEA190B01F02FE3B00C9F30A /* Environment.swift */ = {isa = PBXFileReference; fileEncoding = 4; lastKnownFileType = sourcecode.swift; path = Environment.swift; sourceTree = "<group>"; };
/* End PBXFileReference section */

/* Begin PBXFrameworksBuildPhase section */
		CE25F7D01E490FA00049CF23 /* Frameworks */ = {
			isa = PBXFrameworksBuildPhase;
			buildActionMask = 2147483647;
			files = (
			);
			runOnlyForDeploymentPostprocessing = 0;
		};
/* End PBXFrameworksBuildPhase section */

/* Begin PBXGroup section */
		038FCAEA1F058A5800755E96 /* Storyboards & Xibs */ = {
			isa = PBXGroup;
			children = (
				038FCAE81F058A2100755E96 /* Main.storyboard */,
			);
			name = "Storyboards & Xibs";
			sourceTree = "<group>";
		};
		CE25F7CA1E490FA00049CF23 = {
			isa = PBXGroup;
			children = (
				CE25F7D51E490FA00049CF23 /* Sketch Cache Cleaner */,
				CE25F7D41E490FA00049CF23 /* Products */,
			);
			sourceTree = "<group>";
		};
		CE25F7D41E490FA00049CF23 /* Products */ = {
			isa = PBXGroup;
			children = (
				CE25F7D31E490FA00049CF23 /* Sketch Cache Cleaner.app */,
			);
			name = Products;
			sourceTree = "<group>";
		};
		CE25F7D51E490FA00049CF23 /* Sketch Cache Cleaner */ = {
			isa = PBXGroup;
			children = (
				CEE6384A1F78279F00C908C5 /* Controllers */,
				CE25F7DA1E490FA00049CF23 /* Assets.xcassets */,
				CE91327A1EA50C1A007F1ADD /* Extensions */,
				CE25F7E91E4913EE0049CF23 /* Scripts */,
				038FCAEA1F058A5800755E96 /* Storyboards & Xibs */,
				CE25F7EE1E4914930049CF23 /* Supporting Files */,
				CE25F7E71E490FDB0049CF23 /* Utils */,
			);
			path = "Sketch Cache Cleaner";
			sourceTree = "<group>";
		};
		CE25F7E71E490FDB0049CF23 /* Utils */ = {
			isa = PBXGroup;
			children = (
				CE25F7EF1E4915190049CF23 /* Sketch Cache Cleaner-Bridging-Header.h */,
				CE25F7F11E4915190049CF23 /* STPrivilegedTask.h */,
				CE25F7F01E4915190049CF23 /* STPrivilegedTask.m */,
				CEA190B01F02FE3B00C9F30A /* Environment.swift */,
			);
			path = Utils;
			sourceTree = "<group>";
		};
		CE25F7E91E4913EE0049CF23 /* Scripts */ = {
			isa = PBXGroup;
			children = (
				CE25F7EA1E4914340049CF23 /* calculate_cache_size.sh */,
				CE25F7EC1E49145A0049CF23 /* clear_cache.sh */,
				CE25F7F31E491BE30049CF23 /* stop_cache.sh */,
			);
			path = Scripts;
			sourceTree = "<group>";
		};
		CE25F7EE1E4914930049CF23 /* Supporting Files */ = {
			isa = PBXGroup;
			children = (
				CE109E5C1F05A01400C4BF25 /* SanFranciscoDisplay-Semibold.otf */,
				CE25F7DF1E490FA00049CF23 /* Info.plist */,
				CE25F7D61E490FA00049CF23 /* AppDelegate.swift */,
			);
			name = "Supporting Files";
			sourceTree = "<group>";
		};
		CE91327A1EA50C1A007F1ADD /* Extensions */ = {
			isa = PBXGroup;
			children = (
				CE91327B1EA50C55007F1ADD /* Extensions.swift */,
			);
			path = Extensions;
			sourceTree = "<group>";
		};
		CEE6384A1F78279F00C908C5 /* Controllers */ = {
			isa = PBXGroup;
			children = (
				035AF2A01F0585FB003CD85B /* ViewController.swift */,
			);
			path = Controllers;
			sourceTree = "<group>";
		};
/* End PBXGroup section */

/* Begin PBXNativeTarget section */
		CE25F7D21E490FA00049CF23 /* Sketch Cache Cleaner */ = {
			isa = PBXNativeTarget;
			buildConfigurationList = CE25F7E21E490FA00049CF23 /* Build configuration list for PBXNativeTarget "Sketch Cache Cleaner" */;
			buildPhases = (
				CE25F7CF1E490FA00049CF23 /* Sources */,
				CE25F7D01E490FA00049CF23 /* Frameworks */,
				CE25F7D11E490FA00049CF23 /* Resources */,
			);
			buildRules = (
			);
			dependencies = (
			);
			name = "Sketch Cache Cleaner";
			productName = "Sketch Cache Cleaner";
			productReference = CE25F7D31E490FA00049CF23 /* Sketch Cache Cleaner.app */;
			productType = "com.apple.product-type.application";
		};
/* End PBXNativeTarget section */

/* Begin PBXProject section */
		CE25F7CB1E490FA00049CF23 /* Project object */ = {
			isa = PBXProject;
			attributes = {
				LastSwiftUpdateCheck = 0820;
				LastUpgradeCheck = 0820;
				ORGANIZATIONNAME = "Sasha Prokhorenko";
				TargetAttributes = {
					CE25F7D21E490FA00049CF23 = {
						CreatedOnToolsVersion = 8.2.1;
						DevelopmentTeam = GW82A8W73Z;
						LastSwiftMigration = 0900;
						ProvisioningStyle = Automatic;
					};
				};
			};
			buildConfigurationList = CE25F7CE1E490FA00049CF23 /* Build configuration list for PBXProject "Sketch Cache Cleaner" */;
			compatibilityVersion = "Xcode 3.2";
			developmentRegion = English;
			hasScannedForEncodings = 0;
			knownRegions = (
				en,
				Base,
			);
			mainGroup = CE25F7CA1E490FA00049CF23;
			productRefGroup = CE25F7D41E490FA00049CF23 /* Products */;
			projectDirPath = "";
			projectRoot = "";
			targets = (
				CE25F7D21E490FA00049CF23 /* Sketch Cache Cleaner */,
			);
		};
/* End PBXProject section */

/* Begin PBXResourcesBuildPhase section */
		CE25F7D11E490FA00049CF23 /* Resources */ = {
			isa = PBXResourcesBuildPhase;
			buildActionMask = 2147483647;
			files = (
				CE109E5D1F05A01400C4BF25 /* SanFranciscoDisplay-Semibold.otf in Resources */,
				CE25F7DB1E490FA00049CF23 /* Assets.xcassets in Resources */,
				038FCAE91F058A2100755E96 /* Main.storyboard in Resources */,
				CE25F7ED1E49145A0049CF23 /* clear_cache.sh in Resources */,
				CE25F7EB1E4914340049CF23 /* calculate_cache_size.sh in Resources */,
				CE25F7F41E491BE30049CF23 /* stop_cache.sh in Resources */,
			);
			runOnlyForDeploymentPostprocessing = 0;
		};
/* End PBXResourcesBuildPhase section */

/* Begin PBXSourcesBuildPhase section */
		CE25F7CF1E490FA00049CF23 /* Sources */ = {
			isa = PBXSourcesBuildPhase;
			buildActionMask = 2147483647;
			files = (
				035AF2A11F0585FB003CD85B /* ViewController.swift in Sources */,
				CEA190B11F02FE3B00C9F30A /* Environment.swift in Sources */,
				CE25F7D71E490FA00049CF23 /* AppDelegate.swift in Sources */,
				CE25F7F21E4915190049CF23 /* STPrivilegedTask.m in Sources */,
				CE91327C1EA50C55007F1ADD /* Extensions.swift in Sources */,
			);
			runOnlyForDeploymentPostprocessing = 0;
		};
/* End PBXSourcesBuildPhase section */

/* Begin XCBuildConfiguration section */
		CE25F7E01E490FA00049CF23 /* Debug */ = {
			isa = XCBuildConfiguration;
			buildSettings = {
				ALWAYS_SEARCH_USER_PATHS = NO;
				CLANG_ANALYZER_NONNULL = YES;
				CLANG_CXX_LANGUAGE_STANDARD = "gnu++0x";
				CLANG_CXX_LIBRARY = "libc++";
				CLANG_ENABLE_MODULES = YES;
				CLANG_ENABLE_OBJC_ARC = YES;
				CLANG_WARN_BOOL_CONVERSION = YES;
				CLANG_WARN_CONSTANT_CONVERSION = YES;
				CLANG_WARN_DIRECT_OBJC_ISA_USAGE = YES_ERROR;
				CLANG_WARN_DOCUMENTATION_COMMENTS = YES;
				CLANG_WARN_EMPTY_BODY = YES;
				CLANG_WARN_ENUM_CONVERSION = YES;
				CLANG_WARN_INFINITE_RECURSION = YES;
				CLANG_WARN_INT_CONVERSION = YES;
				CLANG_WARN_OBJC_ROOT_CLASS = YES_ERROR;
				CLANG_WARN_SUSPICIOUS_MOVE = YES;
				CLANG_WARN_UNREACHABLE_CODE = YES;
				CLANG_WARN__DUPLICATE_METHOD_MATCH = YES;
				CODE_SIGN_IDENTITY = "-";
				COPY_PHASE_STRIP = NO;
				DEBUG_INFORMATION_FORMAT = dwarf;
				ENABLE_STRICT_OBJC_MSGSEND = YES;
				ENABLE_TESTABILITY = YES;
				GCC_C_LANGUAGE_STANDARD = gnu99;
				GCC_DYNAMIC_NO_PIC = NO;
				GCC_NO_COMMON_BLOCKS = YES;
				GCC_OPTIMIZATION_LEVEL = 0;
				GCC_PREPROCESSOR_DEFINITIONS = (
					"DEBUG=1",
					"$(inherited)",
				);
				GCC_WARN_64_TO_32_BIT_CONVERSION = YES;
				GCC_WARN_ABOUT_RETURN_TYPE = YES_ERROR;
				GCC_WARN_UNDECLARED_SELECTOR = YES;
				GCC_WARN_UNINITIALIZED_AUTOS = YES_AGGRESSIVE;
				GCC_WARN_UNUSED_FUNCTION = YES;
				GCC_WARN_UNUSED_VARIABLE = YES;
				MACOSX_DEPLOYMENT_TARGET = 10.11;
				MTL_ENABLE_DEBUG_INFO = YES;
				ONLY_ACTIVE_ARCH = YES;
				SDKROOT = macosx;
				SWIFT_ACTIVE_COMPILATION_CONDITIONS = DEBUG;
				SWIFT_OPTIMIZATION_LEVEL = "-Onone";
			};
			name = Debug;
		};
		CE25F7E11E490FA00049CF23 /* Release */ = {
			isa = XCBuildConfiguration;
			buildSettings = {
				ALWAYS_SEARCH_USER_PATHS = NO;
				CLANG_ANALYZER_NONNULL = YES;
				CLANG_CXX_LANGUAGE_STANDARD = "gnu++0x";
				CLANG_CXX_LIBRARY = "libc++";
				CLANG_ENABLE_MODULES = YES;
				CLANG_ENABLE_OBJC_ARC = YES;
				CLANG_WARN_BOOL_CONVERSION = YES;
				CLANG_WARN_CONSTANT_CONVERSION = YES;
				CLANG_WARN_DIRECT_OBJC_ISA_USAGE = YES_ERROR;
				CLANG_WARN_DOCUMENTATION_COMMENTS = YES;
				CLANG_WARN_EMPTY_BODY = YES;
				CLANG_WARN_ENUM_CONVERSION = YES;
				CLANG_WARN_INFINITE_RECURSION = YES;
				CLANG_WARN_INT_CONVERSION = YES;
				CLANG_WARN_OBJC_ROOT_CLASS = YES_ERROR;
				CLANG_WARN_SUSPICIOUS_MOVE = YES;
				CLANG_WARN_UNREACHABLE_CODE = YES;
				CLANG_WARN__DUPLICATE_METHOD_MATCH = YES;
				CODE_SIGN_IDENTITY = "-";
				COPY_PHASE_STRIP = NO;
				DEBUG_INFORMATION_FORMAT = "dwarf-with-dsym";
				ENABLE_NS_ASSERTIONS = NO;
				ENABLE_STRICT_OBJC_MSGSEND = YES;
				GCC_C_LANGUAGE_STANDARD = gnu99;
				GCC_NO_COMMON_BLOCKS = YES;
				GCC_WARN_64_TO_32_BIT_CONVERSION = YES;
				GCC_WARN_ABOUT_RETURN_TYPE = YES_ERROR;
				GCC_WARN_UNDECLARED_SELECTOR = YES;
				GCC_WARN_UNINITIALIZED_AUTOS = YES_AGGRESSIVE;
				GCC_WARN_UNUSED_FUNCTION = YES;
				GCC_WARN_UNUSED_VARIABLE = YES;
				MACOSX_DEPLOYMENT_TARGET = 10.11;
				MTL_ENABLE_DEBUG_INFO = NO;
				SDKROOT = macosx;
				SWIFT_OPTIMIZATION_LEVEL = "-Owholemodule";
			};
			name = Release;
		};
		CE25F7E31E490FA00049CF23 /* Debug */ = {
			isa = XCBuildConfiguration;
			buildSettings = {
				ASSETCATALOG_COMPILER_APPICON_NAME = AppIcon;
				CLANG_ENABLE_MODULES = YES;
				COMBINE_HIDPI_IMAGES = YES;
				DEVELOPMENT_TEAM = GW82A8W73Z;
				INFOPLIST_FILE = "Sketch Cache Cleaner/Info.plist";
				LD_RUNPATH_SEARCH_PATHS = "$(inherited) @executable_path/../Frameworks";
				MACOSX_DEPLOYMENT_TARGET = 10.11;
				PRODUCT_BUNDLE_IDENTIFIER = "me.minikin.Sketch-Cache-Cleaner";
				PRODUCT_NAME = "$(TARGET_NAME)";
				SWIFT_OBJC_BRIDGING_HEADER = "Sketch Cache Cleaner/Utils/Sketch Cache Cleaner-Bridging-Header.h";
				SWIFT_OPTIMIZATION_LEVEL = "-Onone";
				SWIFT_SWIFT3_OBJC_INFERENCE = Default;
				SWIFT_VERSION = 4.0;
			};
			name = Debug;
		};
		CE25F7E41E490FA00049CF23 /* Release */ = {
			isa = XCBuildConfiguration;
			buildSettings = {
				ASSETCATALOG_COMPILER_APPICON_NAME = AppIcon;
				CLANG_ENABLE_MODULES = YES;
				COMBINE_HIDPI_IMAGES = YES;
				DEVELOPMENT_TEAM = GW82A8W73Z;
				INFOPLIST_FILE = "Sketch Cache Cleaner/Info.plist";
				LD_RUNPATH_SEARCH_PATHS = "$(inherited) @executable_path/../Frameworks";
				MACOSX_DEPLOYMENT_TARGET = 10.11;
				PRODUCT_BUNDLE_IDENTIFIER = "me.minikin.Sketch-Cache-Cleaner";
				PRODUCT_NAME = "$(TARGET_NAME)";
				SWIFT_OBJC_BRIDGING_HEADER = "Sketch Cache Cleaner/Utils/Sketch Cache Cleaner-Bridging-Header.h";
				SWIFT_SWIFT3_OBJC_INFERENCE = Default;
				SWIFT_VERSION = 4.0;
			};
			name = Release;
		};
/* End XCBuildConfiguration section */

/* Begin XCConfigurationList section */
		CE25F7CE1E490FA00049CF23 /* Build configuration list for PBXProject "Sketch Cache Cleaner" */ = {
			isa = XCConfigurationList;
			buildConfigurations = (
				CE25F7E01E490FA00049CF23 /* Debug */,
				CE25F7E11E490FA00049CF23 /* Release */,
			);
			defaultConfigurationIsVisible = 0;
			defaultConfigurationName = Release;
		};
		CE25F7E21E490FA00049CF23 /* Build configuration list for PBXNativeTarget "Sketch Cache Cleaner" */ = {
			isa = XCConfigurationList;
			buildConfigurations = (
				CE25F7E31E490FA00049CF23 /* Debug */,
				CE25F7E41E490FA00049CF23 /* Release */,
			);
			defaultConfigurationIsVisible = 0;
			defaultConfigurationName = Release;
		};
/* End XCConfigurationList section */
	};
	rootObject = CE25F7CB1E490FA00049CF23 /* Project object */;
}
